
Microsoft Visual Studio Solution File, Format Version 10.00
# Visual Studio 2008
Project("{FAE04EC0-301F-11D3-BF4B-00C04F79EFBC}") = "ConsoleDemo", "ConsoleDemo\ConsoleDemo.csproj", "{AAD2F2AA-85AE-4911-85AF-80304B1BF0F6}"
EndProject
Project("{FAE04EC0-301F-11D3-BF4B-00C04F79EFBC}") = "MIDI.NET", "MIDI.NET\MIDI.NET.csproj", "{04B7CD59-BB37-4A06-8494-9FBEF46A15E4}"
EndProject
Project("{FAE04EC0-301F-11D3-BF4B-00C04F79EFBC}") = "UnitTests", "UnitTests\UnitTests.csproj", "{39802FC8-ECE7-4BA5-B05F-59402D49F82C}"
EndProject
Project("{2150E333-8FDC-42A3-9474-1A3956D46DE8}") = "Launchpad", "Launchpad", "{8756F735-7CC1-4B32-AFED-6BE6DA261CB5}"
EndProject
Project("{FAE04EC0-301F-11D3-BF4B-00C04F79EFBC}") = "Launchpad", "Launchpad\Launchpad.csproj", "{93ED490F-1101-4C16-AE1A-0D4B1FC98031}"
EndProject
Project("{FAE04EC0-301F-11D3-BF4B-00C04F79EFBC}") = "SimpleLaunchpadDemo", "SimpleLaunchpadDemo\SimpleLaunchpadDemo.csproj", "{5E88BAAF-F1B8-4B09-AE9F-3BF2964D08BC}"
EndProject
Project("{FAE04EC0-301F-11D3-BF4B-00C04F79EFBC}") = "ConwayLifeLaunchpad", "ConwayLifeLaunchpad\ConwayLifeLaunchpad.csproj", "{08AFC4C5-62F0-47F7-A2AF-9F27ACABECDB}"
EndProject
Global
	GlobalSection(SolutionConfigurationPlatforms) = preSolution
		Debug|Any CPU = Debug|Any CPU
		Debug|Mixed Platforms = Debug|Mixed Platforms
		Debug|x86 = Debug|x86
		Release|Any CPU = Release|Any CPU
		Release|Mixed Platforms = Release|Mixed Platforms
		Release|x86 = Release|x86
	EndGlobalSection
	GlobalSection(ProjectConfigurationPlatforms) = postSolution
		{AAD2F2AA-85AE-4911-85AF-80304B1BF0F6}.Debug|Any CPU.ActiveCfg = Debug|x86
		{AAD2F2AA-85AE-4911-85AF-80304B1BF0F6}.Debug|Mixed Platforms.ActiveCfg = Debug|x86
		{AAD2F2AA-85AE-4911-85AF-80304B1BF0F6}.Debug|Mixed Platforms.Build.0 = Debug|x86
		{AAD2F2AA-85AE-4911-85AF-80304B1BF0F6}.Debug|x86.ActiveCfg = Debug|x86
		{AAD2F2AA-85AE-4911-85AF-80304B1BF0F6}.Debug|x86.Build.0 = Debug|x86
		{AAD2F2AA-85AE-4911-85AF-80304B1BF0F6}.Release|Any CPU.ActiveCfg = Release|x86
		{AAD2F2AA-85AE-4911-85AF-80304B1BF0F6}.Release|Mixed Platforms.ActiveCfg = Release|x86
		{AAD2F2AA-85AE-4911-85AF-80304B1BF0F6}.Release|Mixed Platforms.Build.0 = Release|x86
		{AAD2F2AA-85AE-4911-85AF-80304B1BF0F6}.Release|x86.ActiveCfg = Release|x86
		{AAD2F2AA-85AE-4911-85AF-80304B1BF0F6}.Release|x86.Build.0 = Release|x86
		{04B7CD59-BB37-4A06-8494-9FBEF46A15E4}.Debug|Any CPU.ActiveCfg = Debug|Any CPU
		{04B7CD59-BB37-4A06-8494-9FBEF46A15E4}.Debug|Any CPU.Build.0 = Debug|Any CPU
		{04B7CD59-BB37-4A06-8494-9FBEF46A15E4}.Debug|Mixed Platforms.ActiveCfg = Debug|Any CPU
		{04B7CD59-BB37-4A06-8494-9FBEF46A15E4}.Debug|Mixed Platforms.Build.0 = Debug|Any CPU
		{04B7CD59-BB37-4A06-8494-9FBEF46A15E4}.Debug|x86.ActiveCfg = Debug|Any CPU
		{04B7CD59-BB37-4A06-8494-9FBEF46A15E4}.Release|Any CPU.ActiveCfg = Release|Any CPU
		{04B7CD59-BB37-4A06-8494-9FBEF46A15E4}.Release|Any CPU.Build.0 = Release|Any CPU
		{04B7CD59-BB37-4A06-8494-9FBEF46A15E4}.Release|Mixed Platforms.ActiveCfg = Release|Any CPU
		{04B7CD59-BB37-4A06-8494-9FBEF46A15E4}.Release|Mixed Platforms.Build.0 = Release|Any CPU
		{04B7CD59-BB37-4A06-8494-9FBEF46A15E4}.Release|x86.ActiveCfg = Release|Any CPU
		{39802FC8-ECE7-4BA5-B05F-59402D49F82C}.Debug|Any CPU.ActiveCfg = Debug|Any CPU
		{39802FC8-ECE7-4BA5-B05F-59402D49F82C}.Debug|Any CPU.Build.0 = Debug|Any CPU
		{39802FC8-ECE7-4BA5-B05F-59402D49F82C}.Debug|Mixed Platforms.ActiveCfg = Debug|Any CPU
		{39802FC8-ECE7-4BA5-B05F-59402D49F82C}.Debug|Mixed Platforms.Build.0 = Debug|Any CPU
		{39802FC8-ECE7-4BA5-B05F-59402D49F82C}.Debug|x86.ActiveCfg = Debug|Any CPU
		{39802FC8-ECE7-4BA5-B05F-59402D49F82C}.Release|Any CPU.ActiveCfg = Release|Any CPU
		{39802FC8-ECE7-4BA5-B05F-59402D49F82C}.Release|Any CPU.Build.0 = Release|Any CPU
		{39802FC8-ECE7-4BA5-B05F-59402D49F82C}.Release|Mixed Platforms.ActiveCfg = Release|Any CPU
		{39802FC8-ECE7-4BA5-B05F-59402D49F82C}.Release|Mixed Platforms.Build.0 = Release|Any CPU
		{39802FC8-ECE7-4BA5-B05F-59402D49F82C}.Release|x86.ActiveCfg = Release|Any CPU
		{93ED490F-1101-4C16-AE1A-0D4B1FC98031}.Debug|Any CPU.ActiveCfg = Debug|Any CPU
		{93ED490F-1101-4C16-AE1A-0D4B1FC98031}.Debug|Any CPU.Build.0 = Debug|Any CPU
		{93ED490F-1101-4C16-AE1A-0D4B1FC98031}.Debug|Mixed Platforms.ActiveCfg = Debug|Any CPU
		{93ED490F-1101-4C16-AE1A-0D4B1FC98031}.Debug|Mixed Platforms.Build.0 = Debug|Any CPU
		{93ED490F-1101-4C16-AE1A-0D4B1FC98031}.Debug|x86.ActiveCfg = Debug|Any CPU
		{93ED490F-1101-4C16-AE1A-0D4B1FC98031}.Release|Any CPU.ActiveCfg = Release|Any CPU
		{93ED490F-1101-4C16-AE1A-0D4B1FC98031}.Release|Any CPU.Build.0 = Release|Any CPU
		{93ED490F-1101-4C16-AE1A-0D4B1FC98031}.Release|Mixed Platforms.ActiveCfg = Release|Any CPU
		{93ED490F-1101-4C16-AE1A-0D4B1FC98031}.Release|Mixed Platforms.Build.0 = Release|Any CPU
		{93ED490F-1101-4C16-AE1A-0D4B1FC98031}.Release|x86.ActiveCfg = Release|Any CPU
		{5E88BAAF-F1B8-4B09-AE9F-3BF2964D08BC}.Debug|Any CPU.ActiveCfg = Debug|Any CPU
		{5E88BAAF-F1B8-4B09-AE9F-3BF2964D08BC}.Debug|Any CPU.Build.0 = Debug|Any CPU
		{5E88BAAF-F1B8-4B09-AE9F-3BF2964D08BC}.Debug|Mixed Platforms.ActiveCfg = Debug|Any CPU
		{5E88BAAF-F1B8-4B09-AE9F-3BF2964D08BC}.Debug|Mixed Platforms.Build.0 = Debug|Any CPU
		{5E88BAAF-F1B8-4B09-AE9F-3BF2964D08BC}.Debug|x86.ActiveCfg = Debug|Any CPU
		{5E88BAAF-F1B8-4B09-AE9F-3BF2964D08BC}.Release|Any CPU.ActiveCfg = Release|Any CPU
		{5E88BAAF-F1B8-4B09-AE9F-3BF2964D08BC}.Release|Any CPU.Build.0 = Release|Any CPU
		{5E88BAAF-F1B8-4B09-AE9F-3BF2964D08BC}.Release|Mixed Platforms.ActiveCfg = Release|Any CPU
		{5E88BAAF-F1B8-4B09-AE9F-3BF2964D08BC}.Release|Mixed Platforms.Build.0 = Release|Any CPU
		{5E88BAAF-F1B8-4B09-AE9F-3BF2964D08BC}.Release|x86.ActiveCfg = Release|Any CPU
		{08AFC4C5-62F0-47F7-A2AF-9F27ACABECDB}.Debug|Any CPU.ActiveCfg = Debug|Any CPU
		{08AFC4C5-62F0-47F7-A2AF-9F27ACABECDB}.Debug|Any CPU.Build.0 = Debug|Any CPU
		{08AFC4C5-62F0-47F7-A2AF-9F27ACABECDB}.Debug|Mixed Platforms.ActiveCfg = Debug|Any CPU
		{08AFC4C5-62F0-47F7-A2AF-9F27ACABECDB}.Debug|Mixed Platforms.Build.0 = Debug|Any CPU
		{08AFC4C5-62F0-47F7-A2AF-9F27ACABECDB}.Debug|x86.ActiveCfg = Debug|Any CPU
		{08AFC4C5-62F0-47F7-A2AF-9F27ACABECDB}.Release|Any CPU.ActiveCfg = Release|Any CPU
		{08AFC4C5-62F0-47F7-A2AF-9F27ACABECDB}.Release|Any CPU.Build.0 = Release|Any CPU
		{08AFC4C5-62F0-47F7-A2AF-9F27ACABECDB}.Release|Mixed Platforms.ActiveCfg = Release|Any CPU
		{08AFC4C5-62F0-47F7-A2AF-9F27ACABECDB}.Release|Mixed Platforms.Build.0 = Release|Any CPU
		{08AFC4C5-62F0-47F7-A2AF-9F27ACABECDB}.Release|x86.ActiveCfg = Release|Any CPU
	EndGlobalSection
	GlobalSection(SolutionProperties) = preSolution
		HideSolutionNode = FALSE
	EndGlobalSection
	GlobalSection(NestedProjects) = preSolution
		{93ED490F-1101-4C16-AE1A-0D4B1FC98031} = {8756F735-7CC1-4B32-AFED-6BE6DA261CB5}
		{5E88BAAF-F1B8-4B09-AE9F-3BF2964D08BC} = {8756F735-7CC1-4B32-AFED-6BE6DA261CB5}
		{08AFC4C5-62F0-47F7-A2AF-9F27ACABECDB} = {8756F735-7CC1-4B32-AFED-6BE6DA261CB5}
	EndGlobalSection
EndGlobal
